# This file is autogenerated, do not edit; changes may be undone by the next 'dep ensure'.


[[projects]]
  digest = "1:0ea8bf8ffa04c2f24cc7edca356f02df9e66d6230bbd77f5984adc55319e400b"
  name = "github.com/bogem/id3v2"
  packages = ["."]
  pruneopts = "UT"
  revision = "c8c2e7f95f57e21e6f6add5405f9e5e22746b583"
  version = "v1.1.1"

[[projects]]
  digest = "1:80757559e2c60f96bd13c99aafcca470ba5ca6b8198c25570c803ec24954ab0c"
  name = "golang.org/x/text"
  packages = [
    "encoding",
    "encoding/charmap",
    "encoding/internal",
    "encoding/internal/identifier",
    "encoding/simplifiedchinese",
    "encoding/unicode",
    "internal/gen",
    "internal/utf8internal",
    "runes",
    "transform",
    "unicode/cldr",
  ]
  pruneopts = "UT"
  revision = "342b2e1fbaa52c93f31447ad2c6abc048c63e475"
  version = "v0.3.2"

[solve-meta]
  analyzer-name = "dep"
  analyzer-version = 1
  input-imports = [
    "github.com/bogem/id3v2",
    "golang.org/x/text/encoding/charmap",
    "golang.org/x/text/encoding/simplifiedchinese",
    "golang.org/x/text/transform",
  ]
  solver-name = "gps-cdcl"
  solver-version = 1
